
Microsoft Visual Studio Solution File, Format Version 12.00
# Visual Studio Version 17
VisualStudioVersion = 17.3.32929.385
MinimumVisualStudioVersion = 10.0.40219.1
Project("{FAE04EC0-301F-11D3-BF4B-00C04F79EFBC}") = "GasStation", "GasStation\GasStation.csproj", "{C33BD77A-8306-4964-8714-AA30B097EB8D}"
EndProject
Project("{FAE04EC0-301F-11D3-BF4B-00C04F79EFBC}") = "ChartApplication", "ChartApplication\ChartApplication.csproj", "{CA5A612D-0D4E-44B9-AAE0-3A3C5AC0F8F7}"
EndProject
Project("{FAE04EC0-301F-11D3-BF4B-00C04F79EFBC}") = "TstAvalon", "TstAvalon\TstAvalon.csproj", "{E0615AEC-2A97-4D1D-B5E7-A4FA8D5B69A9}"
EndProject
Project("{FAE04EC0-301F-11D3-BF4B-00C04F79EFBC}") = "GasStation_Voronezj", "GasStation_Voronezj\GasStation_Voronezj.csproj", "{2326283A-9E83-472B-9A5F-E2EB5523FD1C}"
	ProjectSection(ProjectDependencies) = postProject
		{C33BD77A-8306-4964-8714-AA30B097EB8D} = {C33BD77A-8306-4964-8714-AA30B097EB8D}
		{BC6204FA-72CC-4F32-A64E-685A6AA0A70F} = {BC6204FA-72CC-4F32-A64E-685A6AA0A70F}
	EndProjectSection
EndProject
Project("{FAE04EC0-301F-11D3-BF4B-00C04F79EFBC}") = "SoursePrj", "SoursePrj\SoursePrj\SoursePrj.csproj", "{BC6204FA-72CC-4F32-A64E-685A6AA0A70F}"
EndProject
Project("{2150E333-8FDC-42A3-9474-1A3956D46DE8}") = "Solution Items", "Solution Items", "{4466ED8F-F55E-48D7-AAFE-2A09FB12A442}"
	ProjectSection(SolutionItems) = preProject
		C:\Users\ivanovda\Desktop\RealSpeak.exe = C:\Users\ivanovda\Desktop\RealSpeak.exe
		WPFToolkit.msi = WPFToolkit.msi
	EndProjectSection
EndProject
Project("{2150E333-8FDC-42A3-9474-1A3956D46DE8}") = "GasStation_Ecaterinburg", "GasStation_Ecaterinburg", "{AC664417-9F75-49DB-92FE-5ECA61CC3F24}"
EndProject
Project("{FAE04EC0-301F-11D3-BF4B-00C04F79EFBC}") = "GasStation_IsotronNK", "GasStation_IsotronNK\GasStation_IsotronNK.csproj", "{C4E76975-EC99-4EF6-9647-BBFCF69803F0}"
EndProject
Project("{2150E333-8FDC-42A3-9474-1A3956D46DE8}") = "GasStation_Voroneg", "GasStation_Voroneg", "{47D6E3DF-D9A2-4B99-A2AE-0A6F75CAE3E3}"
EndProject
Project("{FAE04EC0-301F-11D3-BF4B-00C04F79EFBC}") = "GasStation_Bransk01", "GasStation_Bransk01\GasStation_Bransk01.csproj", "{86710412-F1CC-4CB3-89B1-86FFC042B256}"
EndProject
Project("{FAE04EC0-301F-11D3-BF4B-00C04F79EFBC}") = "GasStation_IsotronVK", "GasStation_IsotronVK\GasStation_IsotronVK.csproj", "{A7B54548-7FE4-44C1-A2B7-52FEB115F52F}"
EndProject
Project("{2150E333-8FDC-42A3-9474-1A3956D46DE8}") = "GasStation_Bransk", "GasStation_Bransk", "{C473D7EE-18AC-4CC6-ADC3-8E9B60B66034}"
EndProject
Project("{FAE04EC0-301F-11D3-BF4B-00C04F79EFBC}") = "GasStation_IzotronUlyanovskNK", "GasStation_IzotronBranskNK\GasStation_IzotronUlyanovskNK.csproj", "{FAA11864-FF2C-4C8D-BE05-C94AC0431D19}"
EndProject
Project("{FAE04EC0-301F-11D3-BF4B-00C04F79EFBC}") = "GasStation_IzotronUlyanovskSK", "GasStation_IzotronBranskVK\GasStation_IzotronUlyanovskSK.csproj", "{608092D2-9FC5-45F4-B100-0AD91E96F508}"
EndProject
Project("{FAE04EC0-301F-11D3-BF4B-00C04F79EFBC}") = "StationImitation", "StationImitation\StationImitation.csproj", "{F853CC4C-B87E-4F8D-97FE-DC6BF4B507CF}"
EndProject
Project("{2150E333-8FDC-42A3-9474-1A3956D46DE8}") = "GasStation_Ulyanovsk", "GasStation_Ulyanovsk", "{E49D18DC-A38A-4FF3-ABC1-0ED2C7466174}"
EndProject
Project("{2150E333-8FDC-42A3-9474-1A3956D46DE8}") = "Izotron", "Izotron", "{A9688255-5BB4-4672-BE03-ECC74B452DD9}"
EndProject
Project("{2150E333-8FDC-42A3-9474-1A3956D46DE8}") = "Izotron", "Izotron", "{DDD3EB99-F0DB-49A8-BF72-41E3377BF806}"
EndProject
Project("{2150E333-8FDC-42A3-9474-1A3956D46DE8}") = "Oksid", "Oksid", "{A2097E81-5879-4AF4-85D8-ED1483910BEA}"
EndProject
Project("{2150E333-8FDC-42A3-9474-1A3956D46DE8}") = "Oksid", "Oksid", "{7FF1908F-3AD1-4B20-83C8-48A946E2CF2A}"
EndProject
Project("{2150E333-8FDC-42A3-9474-1A3956D46DE8}") = "Izotron", "Izotron", "{4051EE29-035B-4B61-8777-F47BB0C2F161}"
EndProject
Project("{FAE04EC0-301F-11D3-BF4B-00C04F79EFBC}") = "IzotronBryanskNK", "IzotronBryanskNK\IzotronBryanskNK.csproj", "{9BD9D0CE-E8E1-4A9B-AD19-3E9E1C3EE649}"
EndProject
Project("{FAE04EC0-301F-11D3-BF4B-00C04F79EFBC}") = "IzotronBryanskSK", "IzotronBryanskSK\IzotronBryanskSK.csproj", "{742CE6A6-C79F-4503-A34D-5C8BCCC70EF7}"
EndProject
Project("{FAE04EC0-301F-11D3-BF4B-00C04F79EFBC}") = "IzotronBryanskVK", "IzotronBryanskVK\IzotronBryanskVK.csproj", "{39A79DA5-3E2B-427F-98CF-D2037B86FE00}"
EndProject
Project("{FAE04EC0-301F-11D3-BF4B-00C04F79EFBC}") = "GasStation_IzotronUlyanovskVK", "GasStation_IzotronUlyanovskVK\GasStation_IzotronUlyanovskVK.csproj", "{895B6C2C-6936-4E44-BF13-774C11100F54}"
EndProject
Project("{2150E333-8FDC-42A3-9474-1A3956D46DE8}") = "GasStation_Orel", "GasStation_Orel", "{82F4B34B-6F9D-43F8-8875-C89C4CCE700D}"
EndProject
Project("{2150E333-8FDC-42A3-9474-1A3956D46DE8}") = "Inst", "Inst", "{53739482-BDCA-46C8-A109-15558DAE5D87}"
EndProject
Project("{FAE04EC0-301F-11D3-BF4B-00C04F79EFBC}") = "GasStation_InstOrel", "GasStation_InstOrel\GasStation_InstOrel.csproj", "{F7D95BF2-8DD4-47A1-9250-3BE14947D729}"
EndProject
Project("{2150E333-8FDC-42A3-9474-1A3956D46DE8}") = "SiO2_NK", "SiO2_NK", "{CC316058-5755-47BA-A62C-61692FCACB9A}"
EndProject
Project("{2150E333-8FDC-42A3-9474-1A3956D46DE8}") = "NitridSi_SK", "NitridSi_SK", "{18E10DA3-D0EC-4934-A032-1C703FD8EB03}"
EndProject
Project("{2150E333-8FDC-42A3-9474-1A3956D46DE8}") = "PoliSi_VK", "PoliSi_VK", "{6A3AF3F8-8E00-4F8C-BD2E-1D3279908343}"
EndProject
Project("{FAE04EC0-301F-11D3-BF4B-00C04F79EFBC}") = "GasStation_InstOrel_NitridSi_SK", "GasStation_InstOrel_NitridSi_SK\GasStation_InstOrel_NitridSi_SK.csproj", "{A9BC73F0-92CA-4DDB-B662-3523E2D691D9}"
EndProject
Project("{FAE04EC0-301F-11D3-BF4B-00C04F79EFBC}") = "GasStation_InstOrel_PoliSi_VK", "GasStation_InstOrel_PoliSi_VK\GasStation_InstOrel_PoliSi_VK.csproj", "{B9993CE6-236C-449C-A088-6624B3F31F02}"
EndProject
Project("{FAE04EC0-301F-11D3-BF4B-00C04F79EFBC}") = "GasStation_InstOrel_SiO2_NK", "GasStation_InstOrel_SiO2_NK\GasStation_InstOrel_SiO2_NK.csproj", "{B95E7EFE-BD71-4D9A-A1DE-7CB9F97E525F}"
EndProject
Project("{2150E333-8FDC-42A3-9474-1A3956D46DE8}") = "Izotron_1", "Izotron_1", "{03722FB7-31F6-4768-BC41-7A8F97B84805}"
EndProject
Project("{FAE04EC0-301F-11D3-BF4B-00C04F79EFBC}") = "GasStation_IsotronVK_1", "GasStation_IsotronVK_1\GasStation_IsotronVK_1.csproj", "{FFE31BC4-700F-4771-9FB1-9EF5382DFF71}"
EndProject
Project("{FAE04EC0-301F-11D3-BF4B-00C04F79EFBC}") = "GasStation_IsotronSK_1", "GasStation_IsotronSK_1\GasStation_IsotronSK_1.csproj", "{21502C07-AA65-44DD-9C94-EA4E88958725}"
EndProject
Project("{FAE04EC0-301F-11D3-BF4B-00C04F79EFBC}") = "GasStation_IsotronNK_1", "GasStation_IsotronNK_1\GasStation_IsotronNK_1.csproj", "{96CE9F9A-66A0-4C28-82B0-60F796D32856}"
EndProject
Project("{2150E333-8FDC-42A3-9474-1A3956D46DE8}") = "Izotron_3-150", "Izotron_3-150", "{CA8C1202-9183-4362-ADE6-73116498A5F8}"
EndProject
Project("{FAE04EC0-301F-11D3-BF4B-00C04F79EFBC}") = "GasStation_IsotronNK_3-150", "Voronezj\Izotron\3-150\GasStation_IsotronNK_3-150\GasStation_IsotronNK_3-150.csproj", "{39A2ABF0-3C8A-4622-BA09-0D123BB9293E}"
EndProject
Project("{2150E333-8FDC-42A3-9474-1A3956D46DE8}") = "GasStation_Moscow", "GasStation_Moscow", "{02EA681E-C7D8-13C7-8484-4AC65E1B71E8}"
EndProject
Project("{2150E333-8FDC-42A3-9474-1A3956D46DE8}") = "Oksid", "Oksid", "{B26C7C26-B388-4974-8D89-1C2AFFF01692}"
EndProject
Project("{FAE04EC0-301F-11D3-BF4B-00C04F79EFBC}") = "GasStation_Oksid", "GasStation_Oksid\GasStation_Oksid.csproj", "{083C8204-155B-4E1C-B811-E92F127198CB}"
EndProject
Project("{2150E333-8FDC-42A3-9474-1A3956D46DE8}") = "Diffusion", "Diffusion", "{7A2D0A1A-2875-420B-808B-F13BE159407F}"
EndProject
Project("{FAE04EC0-301F-11D3-BF4B-00C04F79EFBC}") = "GasStation_Diffusion", "GasStation_Diffusion\GasStation_Diffusion.csproj", "{1E160FB9-8370-417E-B05D-20E9805E6FC0}"
EndProject
Global
	GlobalSection(SolutionConfigurationPlatforms) = preSolution
		Debug|Any CPU = Debug|Any CPU
		Release|Any CPU = Release|Any CPU
	EndGlobalSection
	GlobalSection(ProjectConfigurationPlatforms) = postSolution
		{C33BD77A-8306-4964-8714-AA30B097EB8D}.Debug|Any CPU.ActiveCfg = Debug|Any CPU
		{C33BD77A-8306-4964-8714-AA30B097EB8D}.Debug|Any CPU.Build.0 = Debug|Any CPU
		{C33BD77A-8306-4964-8714-AA30B097EB8D}.Release|Any CPU.ActiveCfg = Release|Any CPU
		{C33BD77A-8306-4964-8714-AA30B097EB8D}.Release|Any CPU.Build.0 = Release|Any CPU
		{CA5A612D-0D4E-44B9-AAE0-3A3C5AC0F8F7}.Debug|Any CPU.ActiveCfg = Debug|Any CPU
		{CA5A612D-0D4E-44B9-AAE0-3A3C5AC0F8F7}.Debug|Any CPU.Build.0 = Debug|Any CPU
		{CA5A612D-0D4E-44B9-AAE0-3A3C5AC0F8F7}.Release|Any CPU.ActiveCfg = Release|Any CPU
		{CA5A612D-0D4E-44B9-AAE0-3A3C5AC0F8F7}.Release|Any CPU.Build.0 = Release|Any CPU
		{E0615AEC-2A97-4D1D-B5E7-A4FA8D5B69A9}.Debug|Any CPU.ActiveCfg = Debug|Any CPU
		{E0615AEC-2A97-4D1D-B5E7-A4FA8D5B69A9}.Debug|Any CPU.Build.0 = Debug|Any CPU
		{E0615AEC-2A97-4D1D-B5E7-A4FA8D5B69A9}.Release|Any CPU.ActiveCfg = Release|Any CPU
		{E0615AEC-2A97-4D1D-B5E7-A4FA8D5B69A9}.Release|Any CPU.Build.0 = Release|Any CPU
		{2326283A-9E83-472B-9A5F-E2EB5523FD1C}.Debug|Any CPU.ActiveCfg = Debug|Any CPU
		{2326283A-9E83-472B-9A5F-E2EB5523FD1C}.Debug|Any CPU.Build.0 = Debug|Any CPU
		{2326283A-9E83-472B-9A5F-E2EB5523FD1C}.Release|Any CPU.ActiveCfg = Release|Any CPU
		{2326283A-9E83-472B-9A5F-E2EB5523FD1C}.Release|Any CPU.Build.0 = Release|Any CPU
		{BC6204FA-72CC-4F32-A64E-685A6AA0A70F}.Debug|Any CPU.ActiveCfg = Debug|Any CPU
		{BC6204FA-72CC-4F32-A64E-685A6AA0A70F}.Debug|Any CPU.Build.0 = Debug|Any CPU
		{BC6204FA-72CC-4F32-A64E-685A6AA0A70F}.Release|Any CPU.ActiveCfg = Release|Any CPU
		{BC6204FA-72CC-4F32-A64E-685A6AA0A70F}.Release|Any CPU.Build.0 = Release|Any CPU
		{C4E76975-EC99-4EF6-9647-BBFCF69803F0}.Debug|Any CPU.ActiveCfg = Debug|Any CPU
		{C4E76975-EC99-4EF6-9647-BBFCF69803F0}.Debug|Any CPU.Build.0 = Debug|Any CPU
		{C4E76975-EC99-4EF6-9647-BBFCF69803F0}.Release|Any CPU.ActiveCfg = Release|Any CPU
		{C4E76975-EC99-4EF6-9647-BBFCF69803F0}.Release|Any CPU.Build.0 = Release|Any CPU
		{86710412-F1CC-4CB3-89B1-86FFC042B256}.Debug|Any CPU.ActiveCfg = Debug|Any CPU
		{86710412-F1CC-4CB3-89B1-86FFC042B256}.Debug|Any CPU.Build.0 = Debug|Any CPU
		{86710412-F1CC-4CB3-89B1-86FFC042B256}.Release|Any CPU.ActiveCfg = Release|Any CPU
		{86710412-F1CC-4CB3-89B1-86FFC042B256}.Release|Any CPU.Build.0 = Release|Any CPU
		{A7B54548-7FE4-44C1-A2B7-52FEB115F52F}.Debug|Any CPU.ActiveCfg = Debug|Any CPU
		{A7B54548-7FE4-44C1-A2B7-52FEB115F52F}.Debug|Any CPU.Build.0 = Debug|Any CPU
		{A7B54548-7FE4-44C1-A2B7-52FEB115F52F}.Release|Any CPU.ActiveCfg = Release|Any CPU
		{A7B54548-7FE4-44C1-A2B7-52FEB115F52F}.Release|Any CPU.Build.0 = Release|Any CPU
		{FAA11864-FF2C-4C8D-BE05-C94AC0431D19}.Debug|Any CPU.ActiveCfg = Debug|Any CPU
		{FAA11864-FF2C-4C8D-BE05-C94AC0431D19}.Debug|Any CPU.Build.0 = Debug|Any CPU
		{FAA11864-FF2C-4C8D-BE05-C94AC0431D19}.Release|Any CPU.ActiveCfg = Release|Any CPU
		{FAA11864-FF2C-4C8D-BE05-C94AC0431D19}.Release|Any CPU.Build.0 = Release|Any CPU
		{608092D2-9FC5-45F4-B100-0AD91E96F508}.Debug|Any CPU.ActiveCfg = Debug|Any CPU
		{608092D2-9FC5-45F4-B100-0AD91E96F508}.Debug|Any CPU.Build.0 = Debug|Any CPU
		{608092D2-9FC5-45F4-B100-0AD91E96F508}.Release|Any CPU.ActiveCfg = Release|Any CPU
		{608092D2-9FC5-45F4-B100-0AD91E96F508}.Release|Any CPU.Build.0 = Release|Any CPU
		{F853CC4C-B87E-4F8D-97FE-DC6BF4B507CF}.Debug|Any CPU.ActiveCfg = Debug|Any CPU
		{F853CC4C-B87E-4F8D-97FE-DC6BF4B507CF}.Debug|Any CPU.Build.0 = Debug|Any CPU
		{F853CC4C-B87E-4F8D-97FE-DC6BF4B507CF}.Release|Any CPU.ActiveCfg = Release|Any CPU
		{F853CC4C-B87E-4F8D-97FE-DC6BF4B507CF}.Release|Any CPU.Build.0 = Release|Any CPU
		{9BD9D0CE-E8E1-4A9B-AD19-3E9E1C3EE649}.Debug|Any CPU.ActiveCfg = Debug|Any CPU
		{9BD9D0CE-E8E1-4A9B-AD19-3E9E1C3EE649}.Debug|Any CPU.Build.0 = Debug|Any CPU
		{9BD9D0CE-E8E1-4A9B-AD19-3E9E1C3EE649}.Release|Any CPU.ActiveCfg = Release|Any CPU
		{9BD9D0CE-E8E1-4A9B-AD19-3E9E1C3EE649}.Release|Any CPU.Build.0 = Release|Any CPU
		{742CE6A6-C79F-4503-A34D-5C8BCCC70EF7}.Debug|Any CPU.ActiveCfg = Debug|Any CPU
		{742CE6A6-C79F-4503-A34D-5C8BCCC70EF7}.Debug|Any CPU.Build.0 = Debug|Any CPU
		{742CE6A6-C79F-4503-A34D-5C8BCCC70EF7}.Release|Any CPU.ActiveCfg = Release|Any CPU
		{742CE6A6-C79F-4503-A34D-5C8BCCC70EF7}.Release|Any CPU.Build.0 = Release|Any CPU
		{39A79DA5-3E2B-427F-98CF-D2037B86FE00}.Debug|Any CPU.ActiveCfg = Debug|Any CPU
		{39A79DA5-3E2B-427F-98CF-D2037B86FE00}.Debug|Any CPU.Build.0 = Debug|Any CPU
		{39A79DA5-3E2B-427F-98CF-D2037B86FE00}.Release|Any CPU.ActiveCfg = Release|Any CPU
		{39A79DA5-3E2B-427F-98CF-D2037B86FE00}.Release|Any CPU.Build.0 = Release|Any CPU
		{895B6C2C-6936-4E44-BF13-774C11100F54}.Debug|Any CPU.ActiveCfg = Debug|Any CPU
		{895B6C2C-6936-4E44-BF13-774C11100F54}.Debug|Any CPU.Build.0 = Debug|Any CPU
		{895B6C2C-6936-4E44-BF13-774C11100F54}.Release|Any CPU.ActiveCfg = Release|Any CPU
		{895B6C2C-6936-4E44-BF13-774C11100F54}.Release|Any CPU.Build.0 = Release|Any CPU
		{F7D95BF2-8DD4-47A1-9250-3BE14947D729}.Debug|Any CPU.ActiveCfg = Debug|Any CPU
		{F7D95BF2-8DD4-47A1-9250-3BE14947D729}.Debug|Any CPU.Build.0 = Debug|Any CPU
		{F7D95BF2-8DD4-47A1-9250-3BE14947D729}.Release|Any CPU.ActiveCfg = Release|Any CPU
		{F7D95BF2-8DD4-47A1-9250-3BE14947D729}.Release|Any CPU.Build.0 = Release|Any CPU
		{A9BC73F0-92CA-4DDB-B662-3523E2D691D9}.Debug|Any CPU.ActiveCfg = Debug|Any CPU
		{A9BC73F0-92CA-4DDB-B662-3523E2D691D9}.Debug|Any CPU.Build.0 = Debug|Any CPU
		{A9BC73F0-92CA-4DDB-B662-3523E2D691D9}.Release|Any CPU.ActiveCfg = Release|Any CPU
		{A9BC73F0-92CA-4DDB-B662-3523E2D691D9}.Release|Any CPU.Build.0 = Release|Any CPU
		{B9993CE6-236C-449C-A088-6624B3F31F02}.Debug|Any CPU.ActiveCfg = Debug|Any CPU
		{B9993CE6-236C-449C-A088-6624B3F31F02}.Debug|Any CPU.Build.0 = Debug|Any CPU
		{B9993CE6-236C-449C-A088-6624B3F31F02}.Release|Any CPU.ActiveCfg = Release|Any CPU
		{B9993CE6-236C-449C-A088-6624B3F31F02}.Release|Any CPU.Build.0 = Release|Any CPU
		{B95E7EFE-BD71-4D9A-A1DE-7CB9F97E525F}.Debug|Any CPU.ActiveCfg = Debug|Any CPU
		{B95E7EFE-BD71-4D9A-A1DE-7CB9F97E525F}.Debug|Any CPU.Build.0 = Debug|Any CPU
		{B95E7EFE-BD71-4D9A-A1DE-7CB9F97E525F}.Release|Any CPU.ActiveCfg = Release|Any CPU
		{B95E7EFE-BD71-4D9A-A1DE-7CB9F97E525F}.Release|Any CPU.Build.0 = Release|Any CPU
		{FFE31BC4-700F-4771-9FB1-9EF5382DFF71}.Debug|Any CPU.ActiveCfg = Debug|Any CPU
		{FFE31BC4-700F-4771-9FB1-9EF5382DFF71}.Debug|Any CPU.Build.0 = Debug|Any CPU
		{FFE31BC4-700F-4771-9FB1-9EF5382DFF71}.Release|Any CPU.ActiveCfg = Release|Any CPU
		{FFE31BC4-700F-4771-9FB1-9EF5382DFF71}.Release|Any CPU.Build.0 = Release|Any CPU
		{21502C07-AA65-44DD-9C94-EA4E88958725}.Debug|Any CPU.ActiveCfg = Debug|Any CPU
		{21502C07-AA65-44DD-9C94-EA4E88958725}.Debug|Any CPU.Build.0 = Debug|Any CPU
		{21502C07-AA65-44DD-9C94-EA4E88958725}.Release|Any CPU.ActiveCfg = Release|Any CPU
		{21502C07-AA65-44DD-9C94-EA4E88958725}.Release|Any CPU.Build.0 = Release|Any CPU
		{96CE9F9A-66A0-4C28-82B0-60F796D32856}.Debug|Any CPU.ActiveCfg = Debug|Any CPU
		{96CE9F9A-66A0-4C28-82B0-60F796D32856}.Debug|Any CPU.Build.0 = Debug|Any CPU
		{96CE9F9A-66A0-4C28-82B0-60F796D32856}.Release|Any CPU.ActiveCfg = Release|Any CPU
		{96CE9F9A-66A0-4C28-82B0-60F796D32856}.Release|Any CPU.Build.0 = Release|Any CPU
		{39A2ABF0-3C8A-4622-BA09-0D123BB9293E}.Debug|Any CPU.ActiveCfg = Debug|Any CPU
		{39A2ABF0-3C8A-4622-BA09-0D123BB9293E}.Debug|Any CPU.Build.0 = Debug|Any CPU
		{39A2ABF0-3C8A-4622-BA09-0D123BB9293E}.Release|Any CPU.ActiveCfg = Release|Any CPU
		{39A2ABF0-3C8A-4622-BA09-0D123BB9293E}.Release|Any CPU.Build.0 = Release|Any CPU
		{083C8204-155B-4E1C-B811-E92F127198CB}.Debug|Any CPU.ActiveCfg = Debug|Any CPU
		{083C8204-155B-4E1C-B811-E92F127198CB}.Debug|Any CPU.Build.0 = Debug|Any CPU
		{083C8204-155B-4E1C-B811-E92F127198CB}.Release|Any CPU.ActiveCfg = Release|Any CPU
		{083C8204-155B-4E1C-B811-E92F127198CB}.Release|Any CPU.Build.0 = Release|Any CPU
		{1E160FB9-8370-417E-B05D-20E9805E6FC0}.Debug|Any CPU.ActiveCfg = Debug|Any CPU
		{1E160FB9-8370-417E-B05D-20E9805E6FC0}.Debug|Any CPU.Build.0 = Debug|Any CPU
		{1E160FB9-8370-417E-B05D-20E9805E6FC0}.Release|Any CPU.ActiveCfg = Release|Any CPU
		{1E160FB9-8370-417E-B05D-20E9805E6FC0}.Release|Any CPU.Build.0 = Release|Any CPU
	EndGlobalSection
	GlobalSection(SolutionProperties) = preSolution
		HideSolutionNode = FALSE
	EndGlobalSection
	GlobalSection(NestedProjects) = preSolution
		{2326283A-9E83-472B-9A5F-E2EB5523FD1C} = {7FF1908F-3AD1-4B20-83C8-48A946E2CF2A}
		{C4E76975-EC99-4EF6-9647-BBFCF69803F0} = {4051EE29-035B-4B61-8777-F47BB0C2F161}
		{86710412-F1CC-4CB3-89B1-86FFC042B256} = {A2097E81-5879-4AF4-85D8-ED1483910BEA}
		{A7B54548-7FE4-44C1-A2B7-52FEB115F52F} = {4051EE29-035B-4B61-8777-F47BB0C2F161}
		{FAA11864-FF2C-4C8D-BE05-C94AC0431D19} = {A9688255-5BB4-4672-BE03-ECC74B452DD9}
		{608092D2-9FC5-45F4-B100-0AD91E96F508} = {A9688255-5BB4-4672-BE03-ECC74B452DD9}
		{A9688255-5BB4-4672-BE03-ECC74B452DD9} = {E49D18DC-A38A-4FF3-ABC1-0ED2C7466174}
		{DDD3EB99-F0DB-49A8-BF72-41E3377BF806} = {C473D7EE-18AC-4CC6-ADC3-8E9B60B66034}
		{A2097E81-5879-4AF4-85D8-ED1483910BEA} = {C473D7EE-18AC-4CC6-ADC3-8E9B60B66034}
		{7FF1908F-3AD1-4B20-83C8-48A946E2CF2A} = {47D6E3DF-D9A2-4B99-A2AE-0A6F75CAE3E3}
		{4051EE29-035B-4B61-8777-F47BB0C2F161} = {47D6E3DF-D9A2-4B99-A2AE-0A6F75CAE3E3}
		{9BD9D0CE-E8E1-4A9B-AD19-3E9E1C3EE649} = {DDD3EB99-F0DB-49A8-BF72-41E3377BF806}
		{742CE6A6-C79F-4503-A34D-5C8BCCC70EF7} = {DDD3EB99-F0DB-49A8-BF72-41E3377BF806}
		{39A79DA5-3E2B-427F-98CF-D2037B86FE00} = {DDD3EB99-F0DB-49A8-BF72-41E3377BF806}
		{895B6C2C-6936-4E44-BF13-774C11100F54} = {A9688255-5BB4-4672-BE03-ECC74B452DD9}
		{53739482-BDCA-46C8-A109-15558DAE5D87} = {82F4B34B-6F9D-43F8-8875-C89C4CCE700D}
		{F7D95BF2-8DD4-47A1-9250-3BE14947D729} = {53739482-BDCA-46C8-A109-15558DAE5D87}
		{CC316058-5755-47BA-A62C-61692FCACB9A} = {82F4B34B-6F9D-43F8-8875-C89C4CCE700D}
		{18E10DA3-D0EC-4934-A032-1C703FD8EB03} = {82F4B34B-6F9D-43F8-8875-C89C4CCE700D}
		{6A3AF3F8-8E00-4F8C-BD2E-1D3279908343} = {82F4B34B-6F9D-43F8-8875-C89C4CCE700D}
		{A9BC73F0-92CA-4DDB-B662-3523E2D691D9} = {18E10DA3-D0EC-4934-A032-1C703FD8EB03}
		{B9993CE6-236C-449C-A088-6624B3F31F02} = {6A3AF3F8-8E00-4F8C-BD2E-1D3279908343}
		{B95E7EFE-BD71-4D9A-A1DE-7CB9F97E525F} = {CC316058-5755-47BA-A62C-61692FCACB9A}
		{03722FB7-31F6-4768-BC41-7A8F97B84805} = {47D6E3DF-D9A2-4B99-A2AE-0A6F75CAE3E3}
		{FFE31BC4-700F-4771-9FB1-9EF5382DFF71} = {03722FB7-31F6-4768-BC41-7A8F97B84805}
		{21502C07-AA65-44DD-9C94-EA4E88958725} = {03722FB7-31F6-4768-BC41-7A8F97B84805}
		{96CE9F9A-66A0-4C28-82B0-60F796D32856} = {03722FB7-31F6-4768-BC41-7A8F97B84805}
		{CA8C1202-9183-4362-ADE6-73116498A5F8} = {47D6E3DF-D9A2-4B99-A2AE-0A6F75CAE3E3}
		{39A2ABF0-3C8A-4622-BA09-0D123BB9293E} = {CA8C1202-9183-4362-ADE6-73116498A5F8}
		{B26C7C26-B388-4974-8D89-1C2AFFF01692} = {02EA681E-C7D8-13C7-8484-4AC65E1B71E8}
		{083C8204-155B-4E1C-B811-E92F127198CB} = {B26C7C26-B388-4974-8D89-1C2AFFF01692}
		{7A2D0A1A-2875-420B-808B-F13BE159407F} = {02EA681E-C7D8-13C7-8484-4AC65E1B71E8}
		{1E160FB9-8370-417E-B05D-20E9805E6FC0} = {7A2D0A1A-2875-420B-808B-F13BE159407F}
	EndGlobalSection
	GlobalSection(ExtensibilityGlobals) = postSolution
		SolutionGuid = {62C6CAF7-310A-43D0-A60C-75BE7903251C}
	EndGlobalSection
EndGlobal
